
Microsoft Visual Studio Solution File, Format Version 12.00
# Visual Studio Version 16
VisualStudioVersion = 16.0.31911.196
MinimumVisualStudioVersion = 10.0.40219.1
Project("{FAE04EC0-301F-11D3-BF4B-00C04F79EFBC}") = "CodeAndTravel", "CodeAndTravel\CodeAndTravel.csproj", "{77FB5D00-2E90-406A-A5ED-0569FFE4DFB0}"
EndProject
Global
	GlobalSection(SolutionConfigurationPlatforms) = preSolution
		Debug|Any CPU = Debug|Any CPU
		Release|Any CPU = Release|Any CPU
	EndGlobalSection
	GlobalSection(ProjectConfigurationPlatforms) = postSolution
		{77FB5D00-2E90-406A-A5ED-0569FFE4DFB0}.Debug|Any CPU.ActiveCfg = Debug|Any CPU
		{77FB5D00-2E90-406A-A5ED-0569FFE4DFB0}.Debug|Any CPU.Build.0 = Debug|Any CPU
		{77FB5D00-2E90-406A-A5ED-0569FFE4DFB0}.Release|Any CPU.ActiveCfg = Release|Any CPU
		{77FB5D00-2E90-406A-A5ED-0569FFE4DFB0}.Release|Any CPU.Build.0 = Release|Any CPU
	EndGlobalSection
	GlobalSection(SolutionProperties) = preSolution
		HideSolutionNode = FALSE
	EndGlobalSection
	GlobalSection(ExtensibilityGlobals) = postSolution
		SolutionGuid = {3718C4DD-972B-48B1-9315-1D54FDEA7A43}
	EndGlobalSection
EndGlobal
